
Microsoft Visual Studio Solution File, Format Version 12.00
# Visual Studio Version 17
VisualStudioVersion = 17.4.33205.214
MinimumVisualStudioVersion = 10.0.40219.1
Project("{9A19103F-16F7-4668-BE54-9A1E7A4F7556}") = "API", "API\API.csproj", "{05E82365-8CB9-43ED-92A1-F50A310E3CBB}"
EndProject
Project("{FAE04EC0-301F-11D3-BF4B-00C04F79EFBC}") = "Client", "Client\Client.csproj", "{1E0A246B-8D2A-458C-B7F0-73662766F231}"
EndProject
Global
	GlobalSection(SolutionConfigurationPlatforms) = preSolution
		Debug|Any CPU = Debug|Any CPU
		Release|Any CPU = Release|Any CPU
	EndGlobalSection
	GlobalSection(ProjectConfigurationPlatforms) = postSolution
		{05E82365-8CB9-43ED-92A1-F50A310E3CBB}.Debug|Any CPU.ActiveCfg = Debug|Any CPU
		{05E82365-8CB9-43ED-92A1-F50A310E3CBB}.Debug|Any CPU.Build.0 = Debug|Any CPU
		{05E82365-8CB9-43ED-92A1-F50A310E3CBB}.Release|Any CPU.ActiveCfg = Release|Any CPU
		{05E82365-8CB9-43ED-92A1-F50A310E3CBB}.Release|Any CPU.Build.0 = Release|Any CPU
		{1E0A246B-8D2A-458C-B7F0-73662766F231}.Debug|Any CPU.ActiveCfg = Debug|Any CPU
		{1E0A246B-8D2A-458C-B7F0-73662766F231}.Debug|Any CPU.Build.0 = Debug|Any CPU
		{1E0A246B-8D2A-458C-B7F0-73662766F231}.Release|Any CPU.ActiveCfg = Release|Any CPU
		{1E0A246B-8D2A-458C-B7F0-73662766F231}.Release|Any CPU.Build.0 = Release|Any CPU
	EndGlobalSection
	GlobalSection(SolutionProperties) = preSolution
		HideSolutionNode = FALSE
	EndGlobalSection
	GlobalSection(ExtensibilityGlobals) = postSolution
		SolutionGuid = {725A47B5-82A7-42C2-8B0E-2AC47764FF3F}
	EndGlobalSection
EndGlobal
